{
  "originHash" : "df0a2b6f9eeeffd7b6f1548b5c63384436bad600c3e980fd5c6fce1d0ad48b00",
  "pins" : [
    {
      "identity" : "keyboardshortcuts",
      "kind" : "remoteSourceControl",
      "location" : "https://github.com/raine/KeyboardShortcuts",
      "state" : {
        "branch" : "main",
        "revision" : "a3399994516400650303e8da434cd8545902162a"
      }
    },
    {
      "identity" : "launchatlogin-modern",
      "kind" : "remoteSourceControl",
      "location" : "https://github.com/sindresorhus/LaunchAtLogin-Modern",
      "state" : {
        "branch" : "main",
        "revision" : "a04ec1c363be3627734f6dad757d82f5d4fa8fcc"
      }
    },
    {
      "identity" : "settingsaccess",
      "kind" : "remoteSourceControl",
      "location" : "https://github.com/orchetect/SettingsAccess",
      "state" : {
        "revision" : "f0b57b4c4c0de66b9f4d6c41d39f1d6ede0c9891",
        "version" : "2.0.0"
      }
    }
  ],
  "version" : 3
}
