{
  "originHash" : "6fed8bb28b9779c29742f34aa8886e7760567d2d03c355ba11fc54d34bebdfa5",
  "pins" : [
    {
      "identity" : "launchatlogin-modern",
      "kind" : "remoteSourceControl",
      "location" : "https://github.com/sindresorhus/LaunchAtLogin-Modern",
      "state" : {
        "branch" : "main",
        "revision" : "a04ec1c363be3627734f6dad757d82f5d4fa8fcc"
      }
    }
  ],
  "version" : 3
}
