{
  "originHash" : "68b505eba38c1a138cc5bd9479a7795530384ed7776d138f6f7a9028b8b37d25",
  "pins" : [
    {
      "identity" : "launchatlogin-modern",
      "kind" : "remoteSourceControl",
      "location" : "https://github.com/sindresorhus/LaunchAtLogin-Modern",
      "state" : {
        "branch" : "main",
        "revision" : "a04ec1c363be3627734f6dad757d82f5d4fa8fcc"
      }
    },
    {
      "identity" : "settingsaccess",
      "kind" : "remoteSourceControl",
      "location" : "https://github.com/orchetect/SettingsAccess",
      "state" : {
        "revision" : "f0b57b4c4c0de66b9f4d6c41d39f1d6ede0c9891",
        "version" : "2.0.0"
      }
    }
  ],
  "version" : 3
}
