// !$*UTF8*$!
{
	archiveVersion = 1;
	classes = {
	};
	objectVersion = 60;
	objects = {

/* Begin PBXBuildFile section */
		F70476092CA46DBA0084A2A2 /* SettingsAccess in Frameworks */ = {isa = PBXBuildFile; productRef = F70476082CA46DBA0084A2A2 /* SettingsAccess */; };
		F710AF022CA1B81800A23571 /* Constants.swift in Sources */ = {isa = PBXBuildFile; fileRef = F710AF012CA1B81800A23571 /* Constants.swift */; };
		F710AF042CA2CB7B00A23571 /* icon.svg in Resources */ = {isa = PBXBuildFile; fileRef = F710AF032CA2CB7B00A23571 /* icon.svg */; };
		F71906982C9CC444008D50F6 /* LolgatoApp.swift in Sources */ = {isa = PBXBuildFile; fileRef = F71906972C9CC444008D50F6 /* LolgatoApp.swift */; };
		F719069C2C9CC44E008D50F6 /* Assets.xcassets in Resources */ = {isa = PBXBuildFile; fileRef = F719069B2C9CC44E008D50F6 /* Assets.xcassets */; };
		F719069F2C9CC44E008D50F6 /* Preview Assets.xcassets in Resources */ = {isa = PBXBuildFile; fileRef = F719069E2C9CC44E008D50F6 /* Preview Assets.xcassets */; };
		F71906C82C9DC13B008D50F6 /* ElgatoDeviceManager.swift in Sources */ = {isa = PBXBuildFile; fileRef = F71906C72C9DC13B008D50F6 /* ElgatoDeviceManager.swift */; };
		F71906CA2C9DC467008D50F6 /* ElgatoDiscovery.swift in Sources */ = {isa = PBXBuildFile; fileRef = F71906C92C9DC467008D50F6 /* ElgatoDiscovery.swift */; };
		F71906CE2C9E3177008D50F6 /* CameraUsageDetector.swift in Sources */ = {isa = PBXBuildFile; fileRef = F71906CD2C9E3177008D50F6 /* CameraUsageDetector.swift */; };
		F71906D02C9EDF86008D50F6 /* LightCameraController.swift in Sources */ = {isa = PBXBuildFile; fileRef = F71906CF2C9EDF86008D50F6 /* LightCameraController.swift */; };
		F741EA6D2CA2EDAF002D1BAD /* GithubUpdateChecker.swift in Sources */ = {isa = PBXBuildFile; fileRef = F741EA6C2CA2EDAB002D1BAD /* GithubUpdateChecker.swift */; };
		F741EA6F2CA37933002D1BAD /* LogUtils.swift in Sources */ = {isa = PBXBuildFile; fileRef = F741EA6E2CA37929002D1BAD /* LogUtils.swift */; };
		F741EA712CA45408002D1BAD /* URLExtension.swift in Sources */ = {isa = PBXBuildFile; fileRef = F741EA702CA45405002D1BAD /* URLExtension.swift */; };
		F7EC5EE92CA160C0000EFB2C /* LightSystemStateController.swift in Sources */ = {isa = PBXBuildFile; fileRef = F7EC5EE82CA160C0000EFB2C /* LightSystemStateController.swift */; };
		F7EC5EEB2CA16116000EFB2C /* LolgatoMenu.swift in Sources */ = {isa = PBXBuildFile; fileRef = F7EC5EEA2CA16116000EFB2C /* LolgatoMenu.swift */; };
		F7EC5EED2CA16135000EFB2C /* AppCoordinator.swift in Sources */ = {isa = PBXBuildFile; fileRef = F7EC5EEC2CA16135000EFB2C /* AppCoordinator.swift */; };
		F7EC5EF12CA17259000EFB2C /* Settings.swift in Sources */ = {isa = PBXBuildFile; fileRef = F7EC5EF02CA17259000EFB2C /* Settings.swift */; };
		F7F6F5B42CA1744900D0CF5F /* KeyboardShortcuts in Frameworks */ = {isa = PBXBuildFile; productRef = F7F6F5B32CA1744900D0CF5F /* KeyboardShortcuts */; };
		F7F6F5B72CA1747C00D0CF5F /* LaunchAtLogin in Frameworks */ = {isa = PBXBuildFile; productRef = F7F6F5B62CA1747C00D0CF5F /* LaunchAtLogin */; };
/* End PBXBuildFile section */

/* Begin PBXContainerItemProxy section */
		F71906A62C9CC44F008D50F6 /* PBXContainerItemProxy */ = {
			isa = PBXContainerItemProxy;
			containerPortal = F719068C2C9CC444008D50F6 /* Project object */;
			proxyType = 1;
			remoteGlobalIDString = F71906932C9CC444008D50F6;
			remoteInfo = Lolgato;
		};
		F71906B02C9CC44F008D50F6 /* PBXContainerItemProxy */ = {
			isa = PBXContainerItemProxy;
			containerPortal = F719068C2C9CC444008D50F6 /* Project object */;
			proxyType = 1;
			remoteGlobalIDString = F71906932C9CC444008D50F6;
			remoteInfo = Lolgato;
		};
/* End PBXContainerItemProxy section */

/* Begin PBXFileReference section */
		F710AF012CA1B81800A23571 /* Constants.swift */ = {isa = PBXFileReference; lastKnownFileType = sourcecode.swift; path = Constants.swift; sourceTree = "<group>"; };
		F710AF032CA2CB7B00A23571 /* icon.svg */ = {isa = PBXFileReference; lastKnownFileType = text; path = icon.svg; sourceTree = "<group>"; };
		F71906942C9CC444008D50F6 /* Lolgato.app */ = {isa = PBXFileReference; explicitFileType = wrapper.application; includeInIndex = 0; path = Lolgato.app; sourceTree = BUILT_PRODUCTS_DIR; };
		F71906972C9CC444008D50F6 /* LolgatoApp.swift */ = {isa = PBXFileReference; lastKnownFileType = sourcecode.swift; path = LolgatoApp.swift; sourceTree = "<group>"; };
		F719069B2C9CC44E008D50F6 /* Assets.xcassets */ = {isa = PBXFileReference; lastKnownFileType = folder.assetcatalog; path = Assets.xcassets; sourceTree = "<group>"; };
		F719069E2C9CC44E008D50F6 /* Preview Assets.xcassets */ = {isa = PBXFileReference; lastKnownFileType = folder.assetcatalog; path = "Preview Assets.xcassets"; sourceTree = "<group>"; };
		F71906A02C9CC44E008D50F6 /* Lolgato.entitlements */ = {isa = PBXFileReference; lastKnownFileType = text.plist.entitlements; path = Lolgato.entitlements; sourceTree = "<group>"; };
		F71906A52C9CC44F008D50F6 /* LolgatoTests.xctest */ = {isa = PBXFileReference; explicitFileType = wrapper.cfbundle; includeInIndex = 0; path = LolgatoTests.xctest; sourceTree = BUILT_PRODUCTS_DIR; };
		F71906AF2C9CC44F008D50F6 /* LolgatoUITests.xctest */ = {isa = PBXFileReference; explicitFileType = wrapper.cfbundle; includeInIndex = 0; path = LolgatoUITests.xctest; sourceTree = BUILT_PRODUCTS_DIR; };
		F71906C42C9CC74E008D50F6 /* Info.plist */ = {isa = PBXFileReference; lastKnownFileType = text.plist; path = Info.plist; sourceTree = "<group>"; };
		F71906C72C9DC13B008D50F6 /* ElgatoDeviceManager.swift */ = {isa = PBXFileReference; lastKnownFileType = sourcecode.swift; path = ElgatoDeviceManager.swift; sourceTree = "<group>"; };
		F71906C92C9DC467008D50F6 /* ElgatoDiscovery.swift */ = {isa = PBXFileReference; fileEncoding = 4; lastKnownFileType = sourcecode.swift; path = ElgatoDiscovery.swift; sourceTree = "<group>"; };
		F71906CD2C9E3177008D50F6 /* CameraUsageDetector.swift */ = {isa = PBXFileReference; lastKnownFileType = sourcecode.swift; path = CameraUsageDetector.swift; sourceTree = "<group>"; };
		F71906CF2C9EDF86008D50F6 /* LightCameraController.swift */ = {isa = PBXFileReference; lastKnownFileType = sourcecode.swift; path = LightCameraController.swift; sourceTree = "<group>"; };
		F741EA6C2CA2EDAB002D1BAD /* GithubUpdateChecker.swift */ = {isa = PBXFileReference; lastKnownFileType = sourcecode.swift; path = GithubUpdateChecker.swift; sourceTree = "<group>"; };
		F741EA6E2CA37929002D1BAD /* LogUtils.swift */ = {isa = PBXFileReference; lastKnownFileType = sourcecode.swift; path = LogUtils.swift; sourceTree = "<group>"; };
		F741EA702CA45405002D1BAD /* URLExtension.swift */ = {isa = PBXFileReference; lastKnownFileType = sourcecode.swift; path = URLExtension.swift; sourceTree = "<group>"; };
		F7EC5EE82CA160C0000EFB2C /* LightSystemStateController.swift */ = {isa = PBXFileReference; lastKnownFileType = sourcecode.swift; path = LightSystemStateController.swift; sourceTree = "<group>"; };
		F7EC5EEA2CA16116000EFB2C /* LolgatoMenu.swift */ = {isa = PBXFileReference; lastKnownFileType = sourcecode.swift; path = LolgatoMenu.swift; sourceTree = "<group>"; };
		F7EC5EEC2CA16135000EFB2C /* AppCoordinator.swift */ = {isa = PBXFileReference; lastKnownFileType = sourcecode.swift; path = AppCoordinator.swift; sourceTree = "<group>"; };
		F7EC5EF02CA17259000EFB2C /* Settings.swift */ = {isa = PBXFileReference; lastKnownFileType = sourcecode.swift; path = Settings.swift; sourceTree = "<group>"; };
/* End PBXFileReference section */

/* Begin PBXFrameworksBuildPhase section */
		F71906912C9CC444008D50F6 /* Frameworks */ = {
			isa = PBXFrameworksBuildPhase;
			buildActionMask = 2147483647;
			files = (
				F70476092CA46DBA0084A2A2 /* SettingsAccess in Frameworks */,
				F7F6F5B72CA1747C00D0CF5F /* LaunchAtLogin in Frameworks */,
				F7F6F5B42CA1744900D0CF5F /* KeyboardShortcuts in Frameworks */,
			);
			runOnlyForDeploymentPostprocessing = 0;
		};
		F71906A22C9CC44F008D50F6 /* Frameworks */ = {
			isa = PBXFrameworksBuildPhase;
			buildActionMask = 2147483647;
			files = (
			);
			runOnlyForDeploymentPostprocessing = 0;
		};
		F71906AC2C9CC44F008D50F6 /* Frameworks */ = {
			isa = PBXFrameworksBuildPhase;
			buildActionMask = 2147483647;
			files = (
			);
			runOnlyForDeploymentPostprocessing = 0;
		};
/* End PBXFrameworksBuildPhase section */

/* Begin PBXGroup section */
		F70476062CA46DA60084A2A2 /* Frameworks */ = {
			isa = PBXGroup;
			children = (
			);
			name = Frameworks;
			sourceTree = "<group>";
		};
		F719068B2C9CC444008D50F6 = {
			isa = PBXGroup;
			children = (
				F71906962C9CC444008D50F6 /* Lolgato */,
				F70476062CA46DA60084A2A2 /* Frameworks */,
				F71906952C9CC444008D50F6 /* Products */,
			);
			sourceTree = "<group>";
		};
		F71906952C9CC444008D50F6 /* Products */ = {
			isa = PBXGroup;
			children = (
				F71906942C9CC444008D50F6 /* Lolgato.app */,
				F71906A52C9CC44F008D50F6 /* LolgatoTests.xctest */,
				F71906AF2C9CC44F008D50F6 /* LolgatoUITests.xctest */,
			);
			name = Products;
			sourceTree = "<group>";
		};
		F71906962C9CC444008D50F6 /* Lolgato */ = {
			isa = PBXGroup;
			children = (
				F741EA702CA45405002D1BAD /* URLExtension.swift */,
				F741EA6E2CA37929002D1BAD /* LogUtils.swift */,
				F741EA6C2CA2EDAB002D1BAD /* GithubUpdateChecker.swift */,
				F710AF012CA1B81800A23571 /* Constants.swift */,
				F7EC5EE82CA160C0000EFB2C /* LightSystemStateController.swift */,
				F71906CF2C9EDF86008D50F6 /* LightCameraController.swift */,
				F71906C92C9DC467008D50F6 /* ElgatoDiscovery.swift */,
				F71906C42C9CC74E008D50F6 /* Info.plist */,
				F71906972C9CC444008D50F6 /* LolgatoApp.swift */,
				F7EC5EEC2CA16135000EFB2C /* AppCoordinator.swift */,
				F7EC5EEA2CA16116000EFB2C /* LolgatoMenu.swift */,
				F7EC5EF02CA17259000EFB2C /* Settings.swift */,
				F71906CD2C9E3177008D50F6 /* CameraUsageDetector.swift */,
				F719069B2C9CC44E008D50F6 /* Assets.xcassets */,
				F710AF032CA2CB7B00A23571 /* icon.svg */,
				F71906A02C9CC44E008D50F6 /* Lolgato.entitlements */,
				F71906C72C9DC13B008D50F6 /* ElgatoDeviceManager.swift */,
				F719069D2C9CC44E008D50F6 /* Preview Content */,
			);
			path = Lolgato;
			sourceTree = "<group>";
		};
		F719069D2C9CC44E008D50F6 /* Preview Content */ = {
			isa = PBXGroup;
			children = (
				F719069E2C9CC44E008D50F6 /* Preview Assets.xcassets */,
			);
			path = "Preview Content";
			sourceTree = "<group>";
		};
/* End PBXGroup section */

/* Begin PBXNativeTarget section */
		F71906932C9CC444008D50F6 /* Lolgato */ = {
			isa = PBXNativeTarget;
			buildConfigurationList = F71906B92C9CC44F008D50F6 /* Build configuration list for PBXNativeTarget "Lolgato" */;
			buildPhases = (
				F71906902C9CC444008D50F6 /* Sources */,
				F71906912C9CC444008D50F6 /* Frameworks */,
				F71906922C9CC444008D50F6 /* Resources */,
			);
			buildRules = (
			);
			dependencies = (
			);
			name = Lolgato;
			productName = Lolgato;
			productReference = F71906942C9CC444008D50F6 /* Lolgato.app */;
			productType = "com.apple.product-type.application";
		};
		F71906A42C9CC44F008D50F6 /* LolgatoTests */ = {
			isa = PBXNativeTarget;
			buildConfigurationList = F71906BC2C9CC44F008D50F6 /* Build configuration list for PBXNativeTarget "LolgatoTests" */;
			buildPhases = (
				F71906A12C9CC44F008D50F6 /* Sources */,
				F71906A22C9CC44F008D50F6 /* Frameworks */,
				F71906A32C9CC44F008D50F6 /* Resources */,
			);
			buildRules = (
			);
			dependencies = (
				F71906A72C9CC44F008D50F6 /* PBXTargetDependency */,
			);
			name = LolgatoTests;
			productName = LolgatoTests;
			productReference = F71906A52C9CC44F008D50F6 /* LolgatoTests.xctest */;
			productType = "com.apple.product-type.bundle.unit-test";
		};
		F71906AE2C9CC44F008D50F6 /* LolgatoUITests */ = {
			isa = PBXNativeTarget;
			buildConfigurationList = F71906BF2C9CC44F008D50F6 /* Build configuration list for PBXNativeTarget "LolgatoUITests" */;
			buildPhases = (
				F71906AB2C9CC44F008D50F6 /* Sources */,
				F71906AC2C9CC44F008D50F6 /* Frameworks */,
				F71906AD2C9CC44F008D50F6 /* Resources */,
			);
			buildRules = (
			);
			dependencies = (
				F71906B12C9CC44F008D50F6 /* PBXTargetDependency */,
			);
			name = LolgatoUITests;
			productName = LolgatoUITests;
			productReference = F71906AF2C9CC44F008D50F6 /* LolgatoUITests.xctest */;
			productType = "com.apple.product-type.bundle.ui-testing";
		};
/* End PBXNativeTarget section */

/* Begin PBXProject section */
		F719068C2C9CC444008D50F6 /* Project object */ = {
			isa = PBXProject;
			attributes = {
				BuildIndependentTargetsInParallel = 1;
				LastSwiftUpdateCheck = 1540;
				LastUpgradeCheck = 1600;
				TargetAttributes = {
					F71906932C9CC444008D50F6 = {
						CreatedOnToolsVersion = 15.4;
					};
					F71906A42C9CC44F008D50F6 = {
						CreatedOnToolsVersion = 15.4;
						TestTargetID = F71906932C9CC444008D50F6;
					};
					F71906AE2C9CC44F008D50F6 = {
						CreatedOnToolsVersion = 15.4;
						TestTargetID = F71906932C9CC444008D50F6;
					};
				};
			};
			buildConfigurationList = F719068F2C9CC444008D50F6 /* Build configuration list for PBXProject "Lolgato" */;
			compatibilityVersion = "Xcode 14.0";
			developmentRegion = en;
			hasScannedForEncodings = 0;
			knownRegions = (
				en,
				Base,
			);
			mainGroup = F719068B2C9CC444008D50F6;
			packageReferences = (
				F7EC5EF72CA173E7000EFB2C /* XCLocalSwiftPackageReference "../../git/KeyboardShortcuts" */,
				F7F6F5B52CA1746E00D0CF5F /* XCRemoteSwiftPackageReference "LaunchAtLogin-Modern" */,
				F70476072CA46DBA0084A2A2 /* XCRemoteSwiftPackageReference "SettingsAccess" */,
			);
			productRefGroup = F71906952C9CC444008D50F6 /* Products */;
			projectDirPath = "";
			projectRoot = "";
			targets = (
				F71906932C9CC444008D50F6 /* Lolgato */,
				F71906A42C9CC44F008D50F6 /* LolgatoTests */,
				F71906AE2C9CC44F008D50F6 /* LolgatoUITests */,
			);
		};
/* End PBXProject section */

/* Begin PBXResourcesBuildPhase section */
		F71906922C9CC444008D50F6 /* Resources */ = {
			isa = PBXResourcesBuildPhase;
			buildActionMask = 2147483647;
			files = (
				F719069F2C9CC44E008D50F6 /* Preview Assets.xcassets in Resources */,
				F710AF042CA2CB7B00A23571 /* icon.svg in Resources */,
				F719069C2C9CC44E008D50F6 /* Assets.xcassets in Resources */,
			);
			runOnlyForDeploymentPostprocessing = 0;
		};
		F71906A32C9CC44F008D50F6 /* Resources */ = {
			isa = PBXResourcesBuildPhase;
			buildActionMask = 2147483647;
			files = (
			);
			runOnlyForDeploymentPostprocessing = 0;
		};
		F71906AD2C9CC44F008D50F6 /* Resources */ = {
			isa = PBXResourcesBuildPhase;
			buildActionMask = 2147483647;
			files = (
			);
			runOnlyForDeploymentPostprocessing = 0;
		};
/* End PBXResourcesBuildPhase section */

/* Begin PBXSourcesBuildPhase section */
		F71906902C9CC444008D50F6 /* Sources */ = {
			isa = PBXSourcesBuildPhase;
			buildActionMask = 2147483647;
			files = (
				F741EA6F2CA37933002D1BAD /* LogUtils.swift in Sources */,
				F741EA712CA45408002D1BAD /* URLExtension.swift in Sources */,
				F7EC5EEB2CA16116000EFB2C /* LolgatoMenu.swift in Sources */,
				F71906CA2C9DC467008D50F6 /* ElgatoDiscovery.swift in Sources */,
				F71906CE2C9E3177008D50F6 /* CameraUsageDetector.swift in Sources */,
				F7EC5EE92CA160C0000EFB2C /* LightSystemStateController.swift in Sources */,
				F7EC5EED2CA16135000EFB2C /* AppCoordinator.swift in Sources */,
				F710AF022CA1B81800A23571 /* Constants.swift in Sources */,
				F71906982C9CC444008D50F6 /* LolgatoApp.swift in Sources */,
				F7EC5EF12CA17259000EFB2C /* Settings.swift in Sources */,
				F741EA6D2CA2EDAF002D1BAD /* GithubUpdateChecker.swift in Sources */,
				F71906D02C9EDF86008D50F6 /* LightCameraController.swift in Sources */,
				F71906C82C9DC13B008D50F6 /* ElgatoDeviceManager.swift in Sources */,
			);
			runOnlyForDeploymentPostprocessing = 0;
		};
		F71906A12C9CC44F008D50F6 /* Sources */ = {
			isa = PBXSourcesBuildPhase;
			buildActionMask = 2147483647;
			files = (
			);
			runOnlyForDeploymentPostprocessing = 0;
		};
		F71906AB2C9CC44F008D50F6 /* Sources */ = {
			isa = PBXSourcesBuildPhase;
			buildActionMask = 2147483647;
			files = (
			);
			runOnlyForDeploymentPostprocessing = 0;
		};
/* End PBXSourcesBuildPhase section */

/* Begin PBXTargetDependency section */
		F71906A72C9CC44F008D50F6 /* PBXTargetDependency */ = {
			isa = PBXTargetDependency;
			target = F71906932C9CC444008D50F6 /* Lolgato */;
			targetProxy = F71906A62C9CC44F008D50F6 /* PBXContainerItemProxy */;
		};
		F71906B12C9CC44F008D50F6 /* PBXTargetDependency */ = {
			isa = PBXTargetDependency;
			target = F71906932C9CC444008D50F6 /* Lolgato */;
			targetProxy = F71906B02C9CC44F008D50F6 /* PBXContainerItemProxy */;
		};
/* End PBXTargetDependency section */

/* Begin XCBuildConfiguration section */
		F71906B72C9CC44F008D50F6 /* Debug */ = {
			isa = XCBuildConfiguration;
			buildSettings = {
				ALWAYS_SEARCH_USER_PATHS = NO;
				ASSETCATALOG_COMPILER_GENERATE_SWIFT_ASSET_SYMBOL_EXTENSIONS = YES;
				CLANG_ANALYZER_NONNULL = YES;
				CLANG_ANALYZER_NUMBER_OBJECT_CONVERSION = YES_AGGRESSIVE;
				CLANG_CXX_LANGUAGE_STANDARD = "gnu++20";
				CLANG_ENABLE_MODULES = YES;
				CLANG_ENABLE_OBJC_ARC = YES;
				CLANG_ENABLE_OBJC_WEAK = YES;
				CLANG_WARN_BLOCK_CAPTURE_AUTORELEASING = YES;
				CLANG_WARN_BOOL_CONVERSION = YES;
				CLANG_WARN_COMMA = YES;
				CLANG_WARN_CONSTANT_CONVERSION = YES;
				CLANG_WARN_DEPRECATED_OBJC_IMPLEMENTATIONS = YES;
				CLANG_WARN_DIRECT_OBJC_ISA_USAGE = YES_ERROR;
				CLANG_WARN_DOCUMENTATION_COMMENTS = YES;
				CLANG_WARN_EMPTY_BODY = YES;
				CLANG_WARN_ENUM_CONVERSION = YES;
				CLANG_WARN_INFINITE_RECURSION = YES;
				CLANG_WARN_INT_CONVERSION = YES;
				CLANG_WARN_NON_LITERAL_NULL_CONVERSION = YES;
				CLANG_WARN_OBJC_IMPLICIT_RETAIN_SELF = YES;
				CLANG_WARN_OBJC_LITERAL_CONVERSION = YES;
				CLANG_WARN_OBJC_ROOT_CLASS = YES_ERROR;
				CLANG_WARN_QUOTED_INCLUDE_IN_FRAMEWORK_HEADER = YES;
				CLANG_WARN_RANGE_LOOP_ANALYSIS = YES;
				CLANG_WARN_STRICT_PROTOTYPES = YES;
				CLANG_WARN_SUSPICIOUS_MOVE = YES;
				CLANG_WARN_UNGUARDED_AVAILABILITY = YES_AGGRESSIVE;
				CLANG_WARN_UNREACHABLE_CODE = YES;
				CLANG_WARN__DUPLICATE_METHOD_MATCH = YES;
				COPY_PHASE_STRIP = NO;
				DEAD_CODE_STRIPPING = YES;
				DEBUG_INFORMATION_FORMAT = dwarf;
				ENABLE_STRICT_OBJC_MSGSEND = YES;
				ENABLE_TESTABILITY = YES;
				ENABLE_USER_SCRIPT_SANDBOXING = YES;
				GCC_C_LANGUAGE_STANDARD = gnu17;
				GCC_DYNAMIC_NO_PIC = NO;
				GCC_NO_COMMON_BLOCKS = YES;
				GCC_OPTIMIZATION_LEVEL = 0;
				GCC_PREPROCESSOR_DEFINITIONS = (
					"DEBUG=1",
					"$(inherited)",
				);
				GCC_WARN_64_TO_32_BIT_CONVERSION = YES;
				GCC_WARN_ABOUT_RETURN_TYPE = YES_ERROR;
				GCC_WARN_UNDECLARED_SELECTOR = YES;
				GCC_WARN_UNINITIALIZED_AUTOS = YES_AGGRESSIVE;
				GCC_WARN_UNUSED_FUNCTION = YES;
				GCC_WARN_UNUSED_VARIABLE = YES;
				LOCALIZATION_PREFERS_STRING_CATALOGS = YES;
				MACOSX_DEPLOYMENT_TARGET = 14.2;
				MTL_ENABLE_DEBUG_INFO = INCLUDE_SOURCE;
				MTL_FAST_MATH = YES;
				ONLY_ACTIVE_ARCH = YES;
				SDKROOT = macosx;
				SWIFT_ACTIVE_COMPILATION_CONDITIONS = "DEBUG $(inherited)";
				SWIFT_OPTIMIZATION_LEVEL = "-Onone";
			};
			name = Debug;
		};
		F71906B82C9CC44F008D50F6 /* Release */ = {
			isa = XCBuildConfiguration;
			buildSettings = {
				ALWAYS_SEARCH_USER_PATHS = NO;
				ASSETCATALOG_COMPILER_GENERATE_SWIFT_ASSET_SYMBOL_EXTENSIONS = YES;
				CLANG_ANALYZER_NONNULL = YES;
				CLANG_ANALYZER_NUMBER_OBJECT_CONVERSION = YES_AGGRESSIVE;
				CLANG_CXX_LANGUAGE_STANDARD = "gnu++20";
				CLANG_ENABLE_MODULES = YES;
				CLANG_ENABLE_OBJC_ARC = YES;
				CLANG_ENABLE_OBJC_WEAK = YES;
				CLANG_WARN_BLOCK_CAPTURE_AUTORELEASING = YES;
				CLANG_WARN_BOOL_CONVERSION = YES;
				CLANG_WARN_COMMA = YES;
				CLANG_WARN_CONSTANT_CONVERSION = YES;
				CLANG_WARN_DEPRECATED_OBJC_IMPLEMENTATIONS = YES;
				CLANG_WARN_DIRECT_OBJC_ISA_USAGE = YES_ERROR;
				CLANG_WARN_DOCUMENTATION_COMMENTS = YES;
				CLANG_WARN_EMPTY_BODY = YES;
				CLANG_WARN_ENUM_CONVERSION = YES;
				CLANG_WARN_INFINITE_RECURSION = YES;
				CLANG_WARN_INT_CONVERSION = YES;
				CLANG_WARN_NON_LITERAL_NULL_CONVERSION = YES;
				CLANG_WARN_OBJC_IMPLICIT_RETAIN_SELF = YES;
				CLANG_WARN_OBJC_LITERAL_CONVERSION = YES;
				CLANG_WARN_OBJC_ROOT_CLASS = YES_ERROR;
				CLANG_WARN_QUOTED_INCLUDE_IN_FRAMEWORK_HEADER = YES;
				CLANG_WARN_RANGE_LOOP_ANALYSIS = YES;
				CLANG_WARN_STRICT_PROTOTYPES = YES;
				CLANG_WARN_SUSPICIOUS_MOVE = YES;
				CLANG_WARN_UNGUARDED_AVAILABILITY = YES_AGGRESSIVE;
				CLANG_WARN_UNREACHABLE_CODE = YES;
				CLANG_WARN__DUPLICATE_METHOD_MATCH = YES;
				COPY_PHASE_STRIP = NO;
				DEAD_CODE_STRIPPING = YES;
				DEBUG_INFORMATION_FORMAT = "dwarf-with-dsym";
				ENABLE_NS_ASSERTIONS = NO;
				ENABLE_STRICT_OBJC_MSGSEND = YES;
				ENABLE_USER_SCRIPT_SANDBOXING = YES;
				GCC_C_LANGUAGE_STANDARD = gnu17;
				GCC_NO_COMMON_BLOCKS = YES;
				GCC_WARN_64_TO_32_BIT_CONVERSION = YES;
				GCC_WARN_ABOUT_RETURN_TYPE = YES_ERROR;
				GCC_WARN_UNDECLARED_SELECTOR = YES;
				GCC_WARN_UNINITIALIZED_AUTOS = YES_AGGRESSIVE;
				GCC_WARN_UNUSED_FUNCTION = YES;
				GCC_WARN_UNUSED_VARIABLE = YES;
				LOCALIZATION_PREFERS_STRING_CATALOGS = YES;
				MACOSX_DEPLOYMENT_TARGET = 14.2;
				MTL_ENABLE_DEBUG_INFO = NO;
				MTL_FAST_MATH = YES;
				SDKROOT = macosx;
				SWIFT_COMPILATION_MODE = wholemodule;
			};
			name = Release;
		};
		F71906BA2C9CC44F008D50F6 /* Debug */ = {
			isa = XCBuildConfiguration;
			buildSettings = {
				ASSETCATALOG_COMPILER_APPICON_NAME = AppIcon;
				ASSETCATALOG_COMPILER_GLOBAL_ACCENT_COLOR_NAME = AccentColor;
				ASSETCATALOG_COMPILER_INCLUDE_ALL_APPICON_ASSETS = NO;
				CODE_SIGN_ENTITLEMENTS = Lolgato/Lolgato.entitlements;
				"CODE_SIGN_IDENTITY[sdk=macosx*]" = "Apple Development";
				CODE_SIGN_STYLE = Automatic;
				COMBINE_HIDPI_IMAGES = YES;
				CURRENT_PROJECT_VERSION = 1;
				DEAD_CODE_STRIPPING = YES;
				DEVELOPMENT_ASSET_PATHS = "\"Lolgato/Preview Content\"";
				DEVELOPMENT_TEAM = YG824X87Y2;
				ENABLE_HARDENED_RUNTIME = YES;
				ENABLE_PREVIEWS = YES;
				GENERATE_INFOPLIST_FILE = YES;
				INFOPLIST_FILE = Lolgato/Info.plist;
				INFOPLIST_KEY_CFBundleDisplayName = Lolgato;
				INFOPLIST_KEY_LSApplicationCategoryType = "public.app-category.utilities";
				INFOPLIST_KEY_LSUIElement = YES;
				INFOPLIST_KEY_NSHumanReadableCopyright = "";
				LD_RUNPATH_SEARCH_PATHS = (
					"$(inherited)",
					"@executable_path/../Frameworks",
				);
				MARKETING_VERSION = 1.3.1;
				PRODUCT_BUNDLE_IDENTIFIER = fi.zendit.Lolgato;
				PRODUCT_NAME = "$(TARGET_NAME)";
				SWIFT_EMIT_LOC_STRINGS = YES;
				SWIFT_VERSION = 5.0;
			};
			name = Debug;
		};
		F71906BB2C9CC44F008D50F6 /* Release */ = {
			isa = XCBuildConfiguration;
			buildSettings = {
				ASSETCATALOG_COMPILER_APPICON_NAME = AppIcon;
				ASSETCATALOG_COMPILER_GLOBAL_ACCENT_COLOR_NAME = AccentColor;
				ASSETCATALOG_COMPILER_INCLUDE_ALL_APPICON_ASSETS = NO;
				CODE_SIGN_ENTITLEMENTS = Lolgato/Lolgato.entitlements;
				"CODE_SIGN_IDENTITY[sdk=macosx*]" = "Apple Development";
				CODE_SIGN_STYLE = Automatic;
				COMBINE_HIDPI_IMAGES = YES;
				CURRENT_PROJECT_VERSION = 1;
				DEAD_CODE_STRIPPING = YES;
				DEVELOPMENT_ASSET_PATHS = "\"Lolgato/Preview Content\"";
				DEVELOPMENT_TEAM = YG824X87Y2;
				ENABLE_HARDENED_RUNTIME = YES;
				ENABLE_PREVIEWS = YES;
				GENERATE_INFOPLIST_FILE = YES;
				INFOPLIST_FILE = Lolgato/Info.plist;
				INFOPLIST_KEY_CFBundleDisplayName = Lolgato;
				INFOPLIST_KEY_LSApplicationCategoryType = "public.app-category.utilities";
				INFOPLIST_KEY_LSUIElement = YES;
				INFOPLIST_KEY_NSHumanReadableCopyright = "";
				LD_RUNPATH_SEARCH_PATHS = (
					"$(inherited)",
					"@executable_path/../Frameworks",
				);
				MARKETING_VERSION = 1.3.1;
				PRODUCT_BUNDLE_IDENTIFIER = fi.zendit.Lolgato;
				PRODUCT_NAME = "$(TARGET_NAME)";
				SWIFT_EMIT_LOC_STRINGS = YES;
				SWIFT_VERSION = 5.0;
			};
			name = Release;
		};
		F71906BD2C9CC44F008D50F6 /* Debug */ = {
			isa = XCBuildConfiguration;
			buildSettings = {
				BUNDLE_LOADER = "$(TEST_HOST)";
				CODE_SIGN_STYLE = Automatic;
				CURRENT_PROJECT_VERSION = 1;
				DEAD_CODE_STRIPPING = YES;
				DEVELOPMENT_TEAM = 8KC85QU7L4;
				GENERATE_INFOPLIST_FILE = YES;
				MACOSX_DEPLOYMENT_TARGET = 14.2;
				MARKETING_VERSION = 1.0;
				PRODUCT_BUNDLE_IDENTIFIER = fi.zendit.LolgatoTests;
				PRODUCT_NAME = "$(TARGET_NAME)";
				SWIFT_EMIT_LOC_STRINGS = NO;
				SWIFT_VERSION = 5.0;
				TEST_HOST = "$(BUILT_PRODUCTS_DIR)/Lolgato.app/$(BUNDLE_EXECUTABLE_FOLDER_PATH)/Lolgato";
			};
			name = Debug;
		};
		F71906BE2C9CC44F008D50F6 /* Release */ = {
			isa = XCBuildConfiguration;
			buildSettings = {
				BUNDLE_LOADER = "$(TEST_HOST)";
				CODE_SIGN_STYLE = Automatic;
				CURRENT_PROJECT_VERSION = 1;
				DEAD_CODE_STRIPPING = YES;
				DEVELOPMENT_TEAM = 8KC85QU7L4;
				GENERATE_INFOPLIST_FILE = YES;
				MACOSX_DEPLOYMENT_TARGET = 14.2;
				MARKETING_VERSION = 1.0;
				PRODUCT_BUNDLE_IDENTIFIER = fi.zendit.LolgatoTests;
				PRODUCT_NAME = "$(TARGET_NAME)";
				SWIFT_EMIT_LOC_STRINGS = NO;
				SWIFT_VERSION = 5.0;
				TEST_HOST = "$(BUILT_PRODUCTS_DIR)/Lolgato.app/$(BUNDLE_EXECUTABLE_FOLDER_PATH)/Lolgato";
			};
			name = Release;
		};
		F71906C02C9CC44F008D50F6 /* Debug */ = {
			isa = XCBuildConfiguration;
			buildSettings = {
				CODE_SIGN_STYLE = Automatic;
				CURRENT_PROJECT_VERSION = 1;
				DEAD_CODE_STRIPPING = YES;
				DEVELOPMENT_TEAM = 8KC85QU7L4;
				GENERATE_INFOPLIST_FILE = YES;
				MARKETING_VERSION = 1.0;
				PRODUCT_BUNDLE_IDENTIFIER = fi.zendit.LolgatoUITests;
				PRODUCT_NAME = "$(TARGET_NAME)";
				SWIFT_EMIT_LOC_STRINGS = NO;
				SWIFT_VERSION = 5.0;
				TEST_TARGET_NAME = Lolgato;
			};
			name = Debug;
		};
		F71906C12C9CC44F008D50F6 /* Release */ = {
			isa = XCBuildConfiguration;
			buildSettings = {
				CODE_SIGN_STYLE = Automatic;
				CURRENT_PROJECT_VERSION = 1;
				DEAD_CODE_STRIPPING = YES;
				DEVELOPMENT_TEAM = 8KC85QU7L4;
				GENERATE_INFOPLIST_FILE = YES;
				MARKETING_VERSION = 1.0;
				PRODUCT_BUNDLE_IDENTIFIER = fi.zendit.LolgatoUITests;
				PRODUCT_NAME = "$(TARGET_NAME)";
				SWIFT_EMIT_LOC_STRINGS = NO;
				SWIFT_VERSION = 5.0;
				TEST_TARGET_NAME = Lolgato;
			};
			name = Release;
		};
/* End XCBuildConfiguration section */

/* Begin XCConfigurationList section */
		F719068F2C9CC444008D50F6 /* Build configuration list for PBXProject "Lolgato" */ = {
			isa = XCConfigurationList;
			buildConfigurations = (
				F71906B72C9CC44F008D50F6 /* Debug */,
				F71906B82C9CC44F008D50F6 /* Release */,
			);
			defaultConfigurationIsVisible = 0;
			defaultConfigurationName = Release;
		};
		F71906B92C9CC44F008D50F6 /* Build configuration list for PBXNativeTarget "Lolgato" */ = {
			isa = XCConfigurationList;
			buildConfigurations = (
				F71906BA2C9CC44F008D50F6 /* Debug */,
				F71906BB2C9CC44F008D50F6 /* Release */,
			);
			defaultConfigurationIsVisible = 0;
			defaultConfigurationName = Release;
		};
		F71906BC2C9CC44F008D50F6 /* Build configuration list for PBXNativeTarget "LolgatoTests" */ = {
			isa = XCConfigurationList;
			buildConfigurations = (
				F71906BD2C9CC44F008D50F6 /* Debug */,
				F71906BE2C9CC44F008D50F6 /* Release */,
			);
			defaultConfigurationIsVisible = 0;
			defaultConfigurationName = Release;
		};
		F71906BF2C9CC44F008D50F6 /* Build configuration list for PBXNativeTarget "LolgatoUITests" */ = {
			isa = XCConfigurationList;
			buildConfigurations = (
				F71906C02C9CC44F008D50F6 /* Debug */,
				F71906C12C9CC44F008D50F6 /* Release */,
			);
			defaultConfigurationIsVisible = 0;
			defaultConfigurationName = Release;
		};
/* End XCConfigurationList section */

/* Begin XCLocalSwiftPackageReference section */
		F7EC5EF72CA173E7000EFB2C /* XCLocalSwiftPackageReference "../../git/KeyboardShortcuts" */ = {
			isa = XCLocalSwiftPackageReference;
			relativePath = ../../git/KeyboardShortcuts;
		};
/* End XCLocalSwiftPackageReference section */

/* Begin XCRemoteSwiftPackageReference section */
		F70476072CA46DBA0084A2A2 /* XCRemoteSwiftPackageReference "SettingsAccess" */ = {
			isa = XCRemoteSwiftPackageReference;
			repositoryURL = "https://github.com/orchetect/SettingsAccess";
			requirement = {
				kind = upToNextMajorVersion;
				minimumVersion = 2.0.0;
			};
		};
		F7F6F5B52CA1746E00D0CF5F /* XCRemoteSwiftPackageReference "LaunchAtLogin-Modern" */ = {
			isa = XCRemoteSwiftPackageReference;
			repositoryURL = "https://github.com/sindresorhus/LaunchAtLogin-Modern";
			requirement = {
				branch = main;
				kind = branch;
			};
		};
/* End XCRemoteSwiftPackageReference section */

/* Begin XCSwiftPackageProductDependency section */
		F70476082CA46DBA0084A2A2 /* SettingsAccess */ = {
			isa = XCSwiftPackageProductDependency;
			package = F70476072CA46DBA0084A2A2 /* XCRemoteSwiftPackageReference "SettingsAccess" */;
			productName = SettingsAccess;
		};
		F7F6F5B32CA1744900D0CF5F /* KeyboardShortcuts */ = {
			isa = XCSwiftPackageProductDependency;
			package = F7EC5EF72CA173E7000EFB2C /* XCLocalSwiftPackageReference "../../git/KeyboardShortcuts" */;
			productName = KeyboardShortcuts;
		};
		F7F6F5B62CA1747C00D0CF5F /* LaunchAtLogin */ = {
			isa = XCSwiftPackageProductDependency;
			package = F7F6F5B52CA1746E00D0CF5F /* XCRemoteSwiftPackageReference "LaunchAtLogin-Modern" */;
			productName = LaunchAtLogin;
		};
/* End XCSwiftPackageProductDependency section */
	};
	rootObject = F719068C2C9CC444008D50F6 /* Project object */;
}
